
Microsoft Visual Studio Solution File, Format Version 12.00
# Visual Studio Version 16
VisualStudioVersion = 16.0.29613.14
MinimumVisualStudioVersion = 10.0.40219.1
Project("{FAE04EC0-301F-11D3-BF4B-00C04F79EFBC}") = "week2WebApplicationCPP", "week2WebApplicationCPP\week2WebApplicationCPP.csproj", "{BC517E43-F4A7-4E3B-BBA8-5750AA2E002A}"
EndProject
Global
	GlobalSection(SolutionConfigurationPlatforms) = preSolution
		Debug|Any CPU = Debug|Any CPU
		Release|Any CPU = Release|Any CPU
	EndGlobalSection
	GlobalSection(ProjectConfigurationPlatforms) = postSolution
		{BC517E43-F4A7-4E3B-BBA8-5750AA2E002A}.Debug|Any CPU.ActiveCfg = Debug|Any CPU
		{BC517E43-F4A7-4E3B-BBA8-5750AA2E002A}.Debug|Any CPU.Build.0 = Debug|Any CPU
		{BC517E43-F4A7-4E3B-BBA8-5750AA2E002A}.Release|Any CPU.ActiveCfg = Release|Any CPU
		{BC517E43-F4A7-4E3B-BBA8-5750AA2E002A}.Release|Any CPU.Build.0 = Release|Any CPU
	EndGlobalSection
	GlobalSection(SolutionProperties) = preSolution
		HideSolutionNode = FALSE
	EndGlobalSection
	GlobalSection(ExtensibilityGlobals) = postSolution
		SolutionGuid = {AEEA0A44-08BA-409C-9F59-68E85C064FA5}
	EndGlobalSection
EndGlobal
